// !$*UTF8*$!
{
	archiveVersion = 1;
	classes = {
	};
	objectVersion = 48;
	objects = {

/* Begin PBXBuildFile section */
		2473DE3FA3C2E22F1A5E7BEC /* Pods_Student_Management.framework in Frameworks */ = {isa = PBXBuildFile; fileRef = 1E2E5FE58FD263E151FB9999 /* Pods_Student_Management.framework */; };
		2D469F2D2160C36F001C3A10 /* AppDelegate.swift in Sources */ = {isa = PBXBuildFile; fileRef = 2D469F2C2160C36F001C3A10 /* AppDelegate.swift */; };
		2D469F2F2160C36F001C3A10 /* ViewController.swift in Sources */ = {isa = PBXBuildFile; fileRef = 2D469F2E2160C36F001C3A10 /* ViewController.swift */; };
		2D469F322160C36F001C3A10 /* Main.storyboard in Resources */ = {isa = PBXBuildFile; fileRef = 2D469F302160C36F001C3A10 /* Main.storyboard */; };
		2D469F352160C36F001C3A10 /* Student_Management.xcdatamodeld in Sources */ = {isa = PBXBuildFile; fileRef = 2D469F332160C36F001C3A10 /* Student_Management.xcdatamodeld */; };
		2D469F372160C36F001C3A10 /* Assets.xcassets in Resources */ = {isa = PBXBuildFile; fileRef = 2D469F362160C36F001C3A10 /* Assets.xcassets */; };
		2D469F3A2160C36F001C3A10 /* LaunchScreen.storyboard in Resources */ = {isa = PBXBuildFile; fileRef = 2D469F382160C36F001C3A10 /* LaunchScreen.storyboard */; };
		2D469F4421610BAB001C3A10 /* newStudentVC.swift in Sources */ = {isa = PBXBuildFile; fileRef = 2D469F4321610BAB001C3A10 /* newStudentVC.swift */; };
		2D469F462162E5CF001C3A10 /* editStudentVC.swift in Sources */ = {isa = PBXBuildFile; fileRef = 2D469F452162E5CF001C3A10 /* editStudentVC.swift */; };
		2D469F482162E7D2001C3A10 /* Utils.swift in Sources */ = {isa = PBXBuildFile; fileRef = 2D469F472162E7D2001C3A10 /* Utils.swift */; };
/* End PBXBuildFile section */

/* Begin PBXFileReference section */
		1E2E5FE58FD263E151FB9999 /* Pods_Student_Management.framework */ = {isa = PBXFileReference; explicitFileType = wrapper.framework; includeInIndex = 0; path = Pods_Student_Management.framework; sourceTree = BUILT_PRODUCTS_DIR; };
		2D469F292160C36F001C3A10 /* Student Management.app */ = {isa = PBXFileReference; explicitFileType = wrapper.application; includeInIndex = 0; path = "Student Management.app"; sourceTree = BUILT_PRODUCTS_DIR; };
		2D469F2C2160C36F001C3A10 /* AppDelegate.swift */ = {isa = PBXFileReference; lastKnownFileType = sourcecode.swift; path = AppDelegate.swift; sourceTree = "<group>"; };
		2D469F2E2160C36F001C3A10 /* ViewController.swift */ = {isa = PBXFileReference; lastKnownFileType = sourcecode.swift; path = ViewController.swift; sourceTree = "<group>"; };
		2D469F312160C36F001C3A10 /* Base */ = {isa = PBXFileReference; lastKnownFileType = file.storyboard; name = Base; path = Base.lproj/Main.storyboard; sourceTree = "<group>"; };
		2D469F342160C36F001C3A10 /* Student_Management.xcdatamodel */ = {isa = PBXFileReference; lastKnownFileType = wrapper.xcdatamodel; path = Student_Management.xcdatamodel; sourceTree = "<group>"; };
		2D469F362160C36F001C3A10 /* Assets.xcassets */ = {isa = PBXFileReference; lastKnownFileType = folder.assetcatalog; path = Assets.xcassets; sourceTree = "<group>"; };
		2D469F392160C36F001C3A10 /* Base */ = {isa = PBXFileReference; lastKnownFileType = file.storyboard; name = Base; path = Base.lproj/LaunchScreen.storyboard; sourceTree = "<group>"; };
		2D469F3B2160C36F001C3A10 /* Info.plist */ = {isa = PBXFileReference; lastKnownFileType = text.plist.xml; path = Info.plist; sourceTree = "<group>"; };
		2D469F4321610BAB001C3A10 /* newStudentVC.swift */ = {isa = PBXFileReference; lastKnownFileType = sourcecode.swift; path = newStudentVC.swift; sourceTree = "<group>"; };
		2D469F452162E5CF001C3A10 /* editStudentVC.swift */ = {isa = PBXFileReference; lastKnownFileType = sourcecode.swift; path = editStudentVC.swift; sourceTree = "<group>"; };
		2D469F472162E7D2001C3A10 /* Utils.swift */ = {isa = PBXFileReference; lastKnownFileType = sourcecode.swift; path = Utils.swift; sourceTree = "<group>"; };
		322F63DDD173C8BB7B03B41A /* Pods-Student Management.debug.xcconfig */ = {isa = PBXFileReference; includeInIndex = 1; lastKnownFileType = text.xcconfig; name = "Pods-Student Management.debug.xcconfig"; path = "Pods/Target Support Files/Pods-Student Management/Pods-Student Management.debug.xcconfig"; sourceTree = "<group>"; };
		6324872021815FD52EFD3ECD /* Pods-Student Management.release.xcconfig */ = {isa = PBXFileReference; includeInIndex = 1; lastKnownFileType = text.xcconfig; name = "Pods-Student Management.release.xcconfig"; path = "Pods/Target Support Files/Pods-Student Management/Pods-Student Management.release.xcconfig"; sourceTree = "<group>"; };
/* End PBXFileReference section */

/* Begin PBXFrameworksBuildPhase section */
		2D469F262160C36F001C3A10 /* Frameworks */ = {
			isa = PBXFrameworksBuildPhase;
			buildActionMask = 2147483647;
			files = (
				2473DE3FA3C2E22F1A5E7BEC /* Pods_Student_Management.framework in Frameworks */,
			);
			runOnlyForDeploymentPostprocessing = 0;
		};
/* End PBXFrameworksBuildPhase section */

/* Begin PBXGroup section */
		2D469F202160C36F001C3A10 = {
			isa = PBXGroup;
			children = (
				2D469F2B2160C36F001C3A10 /* Student Management */,
				2D469F2A2160C36F001C3A10 /* Products */,
				76189387E780C72DDB7A4558 /* Pods */,
				8F1965712DBEAB26312BAA6E /* Frameworks */,
			);
			sourceTree = "<group>";
		};
		2D469F2A2160C36F001C3A10 /* Products */ = {
			isa = PBXGroup;
			children = (
				2D469F292160C36F001C3A10 /* Student Management.app */,
			);
			name = Products;
			sourceTree = "<group>";
		};
		2D469F2B2160C36F001C3A10 /* Student Management */ = {
			isa = PBXGroup;
			children = (
				2D469F2C2160C36F001C3A10 /* AppDelegate.swift */,
				2D469F2E2160C36F001C3A10 /* ViewController.swift */,
				2D469F302160C36F001C3A10 /* Main.storyboard */,
				2D469F472162E7D2001C3A10 /* Utils.swift */,
				2D469F452162E5CF001C3A10 /* editStudentVC.swift */,
				2D469F4321610BAB001C3A10 /* newStudentVC.swift */,
				2D469F362160C36F001C3A10 /* Assets.xcassets */,
				2D469F382160C36F001C3A10 /* LaunchScreen.storyboard */,
				2D469F3B2160C36F001C3A10 /* Info.plist */,
				2D469F332160C36F001C3A10 /* Student_Management.xcdatamodeld */,
			);
			path = "Student Management";
			sourceTree = "<group>";
		};
		76189387E780C72DDB7A4558 /* Pods */ = {
			isa = PBXGroup;
			children = (
				322F63DDD173C8BB7B03B41A /* Pods-Student Management.debug.xcconfig */,
				6324872021815FD52EFD3ECD /* Pods-Student Management.release.xcconfig */,
			);
			name = Pods;
			sourceTree = "<group>";
		};
		8F1965712DBEAB26312BAA6E /* Frameworks */ = {
			isa = PBXGroup;
			children = (
				1E2E5FE58FD263E151FB9999 /* Pods_Student_Management.framework */,
			);
			name = Frameworks;
			sourceTree = "<group>";
		};
/* End PBXGroup section */

/* Begin PBXNativeTarget section */
		2D469F282160C36F001C3A10 /* Student Management */ = {
			isa = PBXNativeTarget;
			buildConfigurationList = 2D469F3E2160C36F001C3A10 /* Build configuration list for PBXNativeTarget "Student Management" */;
			buildPhases = (
				000AD3FBBF9D481534AD155F /* [CP] Check Pods Manifest.lock */,
				2D469F252160C36F001C3A10 /* Sources */,
				2D469F262160C36F001C3A10 /* Frameworks */,
				2D469F272160C36F001C3A10 /* Resources */,
			);
			buildRules = (
			);
			dependencies = (
			);
			name = "Student Management";
			productName = "Student Management";
			productReference = 2D469F292160C36F001C3A10 /* Student Management.app */;
			productType = "com.apple.product-type.application";
		};
/* End PBXNativeTarget section */

/* Begin PBXProject section */
		2D469F212160C36F001C3A10 /* Project object */ = {
			isa = PBXProject;
			attributes = {
				KnownAssetTags = (
					dobPicker,
				);
				LastSwiftUpdateCheck = 0920;
				LastUpgradeCheck = 0920;
				ORGANIZATIONNAME = "Aditya Singgih";
				TargetAttributes = {
					2D469F282160C36F001C3A10 = {
						CreatedOnToolsVersion = 9.2;
						ProvisioningStyle = Automatic;
					};
				};
			};
			buildConfigurationList = 2D469F242160C36F001C3A10 /* Build configuration list for PBXProject "Student Management" */;
			compatibilityVersion = "Xcode 8.0";
			developmentRegion = en;
			hasScannedForEncodings = 0;
			knownRegions = (
				en,
				Base,
			);
			mainGroup = 2D469F202160C36F001C3A10;
			productRefGroup = 2D469F2A2160C36F001C3A10 /* Products */;
			projectDirPath = "";
			projectRoot = "";
			targets = (
				2D469F282160C36F001C3A10 /* Student Management */,
			);
		};
/* End PBXProject section */

/* Begin PBXResourcesBuildPhase section */
		2D469F272160C36F001C3A10 /* Resources */ = {
			isa = PBXResourcesBuildPhase;
			buildActionMask = 2147483647;
			files = (
				2D469F3A2160C36F001C3A10 /* LaunchScreen.storyboard in Resources */,
				2D469F372160C36F001C3A10 /* Assets.xcassets in Resources */,
				2D469F322160C36F001C3A10 /* Main.storyboard in Resources */,
			);
			runOnlyForDeploymentPostprocessing = 0;
		};
/* End PBXResourcesBuildPhase section */

/* Begin PBXShellScriptBuildPhase section */
		000AD3FBBF9D481534AD155F /* [CP] Check Pods Manifest.lock */ = {
			isa = PBXShellScriptBuildPhase;
			buildActionMask = 2147483647;
			files = (
			);
			inputFileListPaths = (
			);
			inputPaths = (
				"${PODS_PODFILE_DIR_PATH}/Podfile.lock",
				"${PODS_ROOT}/Manifest.lock",
			);
			name = "[CP] Check Pods Manifest.lock";
			outputFileListPaths = (
			);
			outputPaths = (
				"$(DERIVED_FILE_DIR)/Pods-Student Management-checkManifestLockResult.txt",
			);
			runOnlyForDeploymentPostprocessing = 0;
			shellPath = /bin/sh;
			shellScript = "diff \"${PODS_PODFILE_DIR_PATH}/Podfile.lock\" \"${PODS_ROOT}/Manifest.lock\" > /dev/null\nif [ $? != 0 ] ; then\n    # print error to STDERR\n    echo \"error: The sandbox is not in sync with the Podfile.lock. Run 'pod install' or update your CocoaPods installation.\" >&2\n    exit 1\nfi\n# This output is used by Xcode 'outputs' to avoid re-running this script phase.\necho \"SUCCESS\" > \"${SCRIPT_OUTPUT_FILE_0}\"\n";
			showEnvVarsInLog = 0;
		};
/* End PBXShellScriptBuildPhase section */

/* Begin PBXSourcesBuildPhase section */
		2D469F252160C36F001C3A10 /* Sources */ = {
			isa = PBXSourcesBuildPhase;
			buildActionMask = 2147483647;
			files = (
				2D469F352160C36F001C3A10 /* Student_Management.xcdatamodeld in Sources */,
				2D469F2F2160C36F001C3A10 /* ViewController.swift in Sources */,
				2D469F462162E5CF001C3A10 /* editStudentVC.swift in Sources */,
				2D469F2D2160C36F001C3A10 /* AppDelegate.swift in Sources */,
				2D469F4421610BAB001C3A10 /* newStudentVC.swift in Sources */,
				2D469F482162E7D2001C3A10 /* Utils.swift in Sources */,
			);
			runOnlyForDeploymentPostprocessing = 0;
		};
/* End PBXSourcesBuildPhase section */

/* Begin PBXVariantGroup section */
		2D469F302160C36F001C3A10 /* Main.storyboard */ = {
			isa = PBXVariantGroup;
			children = (
				2D469F312160C36F001C3A10 /* Base */,
			);
			name = Main.storyboard;
			sourceTree = "<group>";
		};
		2D469F382160C36F001C3A10 /* LaunchScreen.storyboard */ = {
			isa = PBXVariantGroup;
			children = (
				2D469F392160C36F001C3A10 /* Base */,
			);
			name = LaunchScreen.storyboard;
			sourceTree = "<group>";
		};
/* End PBXVariantGroup section */

/* Begin XCBuildConfiguration section */
		2D469F3C2160C36F001C3A10 /* Debug */ = {
			isa = XCBuildConfiguration;
			buildSettings = {
				ALWAYS_SEARCH_USER_PATHS = NO;
				CLANG_ANALYZER_NONNULL = YES;
				CLANG_ANALYZER_NUMBER_OBJECT_CONVERSION = YES_AGGRESSIVE;
				CLANG_CXX_LANGUAGE_STANDARD = "gnu++14";
				CLANG_CXX_LIBRARY = "libc++";
				CLANG_ENABLE_MODULES = YES;
				CLANG_ENABLE_OBJC_ARC = YES;
				CLANG_WARN_BLOCK_CAPTURE_AUTORELEASING = YES;
				CLANG_WARN_BOOL_CONVERSION = YES;
				CLANG_WARN_COMMA = YES;
				CLANG_WARN_CONSTANT_CONVERSION = YES;
				CLANG_WARN_DIRECT_OBJC_ISA_USAGE = YES_ERROR;
				CLANG_WARN_DOCUMENTATION_COMMENTS = YES;
				CLANG_WARN_EMPTY_BODY = YES;
				CLANG_WARN_ENUM_CONVERSION = YES;
				CLANG_WARN_INFINITE_RECURSION = YES;
				CLANG_WARN_INT_CONVERSION = YES;
				CLANG_WARN_NON_LITERAL_NULL_CONVERSION = YES;
				CLANG_WARN_OBJC_LITERAL_CONVERSION = YES;
				CLANG_WARN_OBJC_ROOT_CLASS = YES_ERROR;
				CLANG_WARN_RANGE_LOOP_ANALYSIS = YES;
				CLANG_WARN_STRICT_PROTOTYPES = YES;
				CLANG_WARN_SUSPICIOUS_MOVE = YES;
				CLANG_WARN_UNGUARDED_AVAILABILITY = YES_AGGRESSIVE;
				CLANG_WARN_UNREACHABLE_CODE = YES;
				CLANG_WARN__DUPLICATE_METHOD_MATCH = YES;
				CODE_SIGN_IDENTITY = "iPhone Developer";
				COPY_PHASE_STRIP = NO;
				DEBUG_INFORMATION_FORMAT = dwarf;
				ENABLE_STRICT_OBJC_MSGSEND = YES;
				ENABLE_TESTABILITY = YES;
				GCC_C_LANGUAGE_STANDARD = gnu11;
				GCC_DYNAMIC_NO_PIC = NO;
				GCC_NO_COMMON_BLOCKS = YES;
				GCC_OPTIMIZATION_LEVEL = 0;
				GCC_PREPROCESSOR_DEFINITIONS = (
					"DEBUG=1",
					"$(inherited)",
				);
				GCC_WARN_64_TO_32_BIT_CONVERSION = YES;
				GCC_WARN_ABOUT_RETURN_TYPE = YES_ERROR;
				GCC_WARN_UNDECLARED_SELECTOR = YES;
				GCC_WARN_UNINITIALIZED_AUTOS = YES_AGGRESSIVE;
				GCC_WARN_UNUSED_FUNCTION = YES;
				GCC_WARN_UNUSED_VARIABLE = YES;
				IPHONEOS_DEPLOYMENT_TARGET = 11.2;
				MTL_ENABLE_DEBUG_INFO = YES;
				ONLY_ACTIVE_ARCH = YES;
				SDKROOT = iphoneos;
				SWIFT_ACTIVE_COMPILATION_CONDITIONS = DEBUG;
				SWIFT_OPTIMIZATION_LEVEL = "-Onone";
			};
			name = Debug;
		};
		2D469F3D2160C36F001C3A10 /* Release */ = {
			isa = XCBuildConfiguration;
			buildSettings = {
				ALWAYS_SEARCH_USER_PATHS = NO;
				CLANG_ANALYZER_NONNULL = YES;
				CLANG_ANALYZER_NUMBER_OBJECT_CONVERSION = YES_AGGRESSIVE;
				CLANG_CXX_LANGUAGE_STANDARD = "gnu++14";
				CLANG_CXX_LIBRARY = "libc++";
				CLANG_ENABLE_MODULES = YES;
				CLANG_ENABLE_OBJC_ARC = YES;
				CLANG_WARN_BLOCK_CAPTURE_AUTORELEASING = YES;
				CLANG_WARN_BOOL_CONVERSION = YES;
				CLANG_WARN_COMMA = YES;
				CLANG_WARN_CONSTANT_CONVERSION = YES;
				CLANG_WARN_DIRECT_OBJC_ISA_USAGE = YES_ERROR;
				CLANG_WARN_DOCUMENTATION_COMMENTS = YES;
				CLANG_WARN_EMPTY_BODY = YES;
				CLANG_WARN_ENUM_CONVERSION = YES;
				CLANG_WARN_INFINITE_RECURSION = YES;
				CLANG_WARN_INT_CONVERSION = YES;
				CLANG_WARN_NON_LITERAL_NULL_CONVERSION = YES;
				CLANG_WARN_OBJC_LITERAL_CONVERSION = YES;
				CLANG_WARN_OBJC_ROOT_CLASS = YES_ERROR;
				CLANG_WARN_RANGE_LOOP_ANALYSIS = YES;
				CLANG_WARN_STRICT_PROTOTYPES = YES;
				CLANG_WARN_SUSPICIOUS_MOVE = YES;
				CLANG_WARN_UNGUARDED_AVAILABILITY = YES_AGGRESSIVE;
				CLANG_WARN_UNREACHABLE_CODE = YES;
				CLANG_WARN__DUPLICATE_METHOD_MATCH = YES;
				CODE_SIGN_IDENTITY = "iPhone Developer";
				COPY_PHASE_STRIP = NO;
				DEBUG_INFORMATION_FORMAT = "dwarf-with-dsym";
				ENABLE_NS_ASSERTIONS = NO;
				ENABLE_STRICT_OBJC_MSGSEND = YES;
				GCC_C_LANGUAGE_STANDARD = gnu11;
				GCC_NO_COMMON_BLOCKS = YES;
				GCC_WARN_64_TO_32_BIT_CONVERSION = YES;
				GCC_WARN_ABOUT_RETURN_TYPE = YES_ERROR;
				GCC_WARN_UNDECLARED_SELECTOR = YES;
				GCC_WARN_UNINITIALIZED_AUTOS = YES_AGGRESSIVE;
				GCC_WARN_UNUSED_FUNCTION = YES;
				GCC_WARN_UNUSED_VARIABLE = YES;
				IPHONEOS_DEPLOYMENT_TARGET = 11.2;
				MTL_ENABLE_DEBUG_INFO = NO;
				SDKROOT = iphoneos;
				SWIFT_OPTIMIZATION_LEVEL = "-Owholemodule";
				VALIDATE_PRODUCT = YES;
			};
			name = Release;
		};
		2D469F3F2160C36F001C3A10 /* Debug */ = {
			isa = XCBuildConfiguration;
			baseConfigurationReference = 322F63DDD173C8BB7B03B41A /* Pods-Student Management.debug.xcconfig */;
			buildSettings = {
				ASSETCATALOG_COMPILER_APPICON_NAME = AppIcon;
				CODE_SIGN_STYLE = Automatic;
				INFOPLIST_FILE = "Student Management/Info.plist";
				LD_RUNPATH_SEARCH_PATHS = "$(inherited) @executable_path/Frameworks";
				PRODUCT_BUNDLE_IDENTIFIER = "nope.Student-Management";
				PRODUCT_NAME = "$(TARGET_NAME)";
				SWIFT_VERSION = 4.0;
				TARGETED_DEVICE_FAMILY = "1,2";
			};
			name = Debug;
		};
		2D469F402160C36F001C3A10 /* Release */ = {
			isa = XCBuildConfiguration;
			baseConfigurationReference = 6324872021815FD52EFD3ECD /* Pods-Student Management.release.xcconfig */;
			buildSettings = {
				ASSETCATALOG_COMPILER_APPICON_NAME = AppIcon;
				CODE_SIGN_STYLE = Automatic;
				INFOPLIST_FILE = "Student Management/Info.plist";
				LD_RUNPATH_SEARCH_PATHS = "$(inherited) @executable_path/Frameworks";
				PRODUCT_BUNDLE_IDENTIFIER = "nope.Student-Management";
				PRODUCT_NAME = "$(TARGET_NAME)";
				SWIFT_VERSION = 4.0;
				TARGETED_DEVICE_FAMILY = "1,2";
			};
			name = Release;
		};
/* End XCBuildConfiguration section */

/* Begin XCConfigurationList section */
		2D469F242160C36F001C3A10 /* Build configuration list for PBXProject "Student Management" */ = {
			isa = XCConfigurationList;
			buildConfigurations = (
				2D469F3C2160C36F001C3A10 /* Debug */,
				2D469F3D2160C36F001C3A10 /* Release */,
			);
			defaultConfigurationIsVisible = 0;
			defaultConfigurationName = Release;
		};
		2D469F3E2160C36F001C3A10 /* Build configuration list for PBXNativeTarget "Student Management" */ = {
			isa = XCConfigurationList;
			buildConfigurations = (
				2D469F3F2160C36F001C3A10 /* Debug */,
				2D469F402160C36F001C3A10 /* Release */,
			);
			defaultConfigurationIsVisible = 0;
			defaultConfigurationName = Release;
		};
/* End XCConfigurationList section */

/* Begin XCVersionGroup section */
		2D469F332160C36F001C3A10 /* Student_Management.xcdatamodeld */ = {
			isa = XCVersionGroup;
			children = (
				2D469F342160C36F001C3A10 /* Student_Management.xcdatamodel */,
			);
			currentVersion = 2D469F342160C36F001C3A10 /* Student_Management.xcdatamodel */;
			path = Student_Management.xcdatamodeld;
			sourceTree = "<group>";
			versionGroupType = wrapper.xcdatamodel;
		};
/* End XCVersionGroup section */
	};
	rootObject = 2D469F212160C36F001C3A10 /* Project object */;
}
